
Microsoft Visual Studio Solution File, Format Version 12.00
# Visual Studio 15
VisualStudioVersion = 15.0.27703.2042
MinimumVisualStudioVersion = 10.0.40219.1
Project("{FAE04EC0-301F-11D3-BF4B-00C04F79EFBC}") = "ServerLesson", "ServerLesson\ServerLesson.csproj", "{7C00ABD0-85D6-4DD2-AF65-94F21E1EF7D0}"
EndProject
Global
	GlobalSection(SolutionConfigurationPlatforms) = preSolution
		Debug|Any CPU = Debug|Any CPU
		Release|Any CPU = Release|Any CPU
	EndGlobalSection
	GlobalSection(ProjectConfigurationPlatforms) = postSolution
		{7C00ABD0-85D6-4DD2-AF65-94F21E1EF7D0}.Debug|Any CPU.ActiveCfg = Debug|Any CPU
		{7C00ABD0-85D6-4DD2-AF65-94F21E1EF7D0}.Debug|Any CPU.Build.0 = Debug|Any CPU
		{7C00ABD0-85D6-4DD2-AF65-94F21E1EF7D0}.Release|Any CPU.ActiveCfg = Release|Any CPU
		{7C00ABD0-85D6-4DD2-AF65-94F21E1EF7D0}.Release|Any CPU.Build.0 = Release|Any CPU
	EndGlobalSection
	GlobalSection(SolutionProperties) = preSolution
		HideSolutionNode = FALSE
	EndGlobalSection
	GlobalSection(ExtensibilityGlobals) = postSolution
		SolutionGuid = {74FFA2A3-4F4B-4B92-B2DD-245D4E46CE47}
	EndGlobalSection
EndGlobal
